{
  "name": "alphaville-ui",
  "version": "5.2.1",
  "lockfileVersion": 2,
  "requires": true,
  "packages": {
    "": {
      "name": "alphaville-ui",
      "version": "5.2.1",
      "dependencies": {
        "@financial-times/ads-display": "2.1.0",
        "@financial-times/o-buttons": "^7.2.2",
        "@financial-times/o-colors": "^6.4.2",
        "@financial-times/o-cookie-message": "^6.3.1",
        "@financial-times/o-date": "^5.2.1",
        "@financial-times/o-editorial-typography": "^2.3.2",
        "@financial-times/o-fonts": "^5.2.1",
        "@financial-times/o-footer": "^9.2.1",
        "@financial-times/o-forms": "^9.2.3",
        "@financial-times/o-grid": "^6.1.1",
        "@financial-times/o-header": "^9.2.3",
        "@financial-times/o-icons": "^7.2.1",
        "@financial-times/o-labels": "^6.2.2",
        "@financial-times/o-overlay": "^4.2.3",
        "@financial-times/o-share": "^8.2.1",
        "@financial-times/o-teaser": "^6.2.2",
        "@financial-times/o-tracking": "^4.2.1",
        "@financial-times/o-typography": "^7.2.2",
        "@financial-times/o-viewport": "^5.1.1"
      }
    },
    "node_modules/@financial-times/ads-display": {
      "version": "2.1.0",
      "resolved": "https://registry.npmjs.org/@financial-times/ads-display/-/ads-display-2.1.0.tgz",
      "integrity": "sha512-oZHx04tEBn9PNNnVLDBroP3aWGGGReKMq9CVVm0eIiBNmGmoV9pAOhNSacYAvYslhKWeo9PP6amI9y1AEl61BQ==",
      "dependencies": {
        "@financial-times/ads-legacy-o-ads": "^2.1.0",
        "@financial-times/ads-permutive": "^2.1.0",
        "@financial-times/n-tracking": "1.4.0",
        "@financial-times/o-tracking": "^2.0.3",
        "@financial-times/privacy-us-privacy": "^1.0.0"
      },
      "peerDependencies": {
        "react": "^16.12.0",
        "react-dom": "^16.12.0"
      }
    },
    "node_modules/@financial-times/ads-display/node_modules/@financial-times/o-tracking": {
      "version": "2.0.10",
      "resolved": "https://registry.npmjs.org/@financial-times/o-tracking/-/o-tracking-2.0.10.tgz",
      "integrity": "sha512-Sl3n7eb1KSkrxAw5DC2z4XYi0THdAvN662KxYRN8hkLgnd0tlelpBb50NkTkdefnHPw6yD19QWjGyM5Auu+0uA==",
      "dependencies": {
        "ftdomdelegate": "^4.0.0"
      }
    },
    "node_modules/@financial-times/ads-legacy-o-ads": {
      "version": "2.2.0",
      "resolved": "https://registry.npmjs.org/@financial-times/ads-legacy-o-ads/-/ads-legacy-o-ads-2.2.0.tgz",
      "integrity": "sha512-qv0XI1b8AE08t01Xq5MIgdnMWgWOPxlTMbqyC/lOKn/p7cMxCy75qyvxEn7AP6xZyaOL7ODpqAeFYHwVHi44fA==",
      "dependencies": {
        "@financial-times/o-utils": "^2.0.0",
        "@financial-times/o-viewport": "^5.0.0"
      },
      "peerDependencies": {
        "@financial-times/o-utils": "^2.0.0"
      }
    },
    "node_modules/@financial-times/ads-permutive": {
      "version": "2.2.0",
      "resolved": "https://registry.npmjs.org/@financial-times/ads-permutive/-/ads-permutive-2.2.0.tgz",
      "integrity": "sha512-qh5ETt5wOtdPwNHr9hLEYVg12VnPRV9oiII50ZguzDoXwqUNoHMk2CgfPoG0E6vUzOWtIK/ulWC3+/69lSqHRA==",
      "dependencies": {
        "core-js": "^3.6.5",
        "regenerator-runtime": "^0.13.5"
      }
    },
    "node_modules/@financial-times/ft-date-format": {
      "version": "2.1.0",
      "resolved": "https://registry.npmjs.org/@financial-times/ft-date-format/-/ft-date-format-2.1.0.tgz",
      "integrity": "sha512-nVDEVgQTHU5vBQVC1zNb7erXDvOsugcPfTsm2L+nB0dSeIsGjKy+FMEUYpd05PQsw4c5H/IvownQuGLHhwolbw==",
      "engines": {
        "npm": "^7 || ^8"
      }
    },
    "node_modules/@financial-times/fticons": {
      "version": "1.23.1",
      "resolved": "https://registry.npmjs.org/@financial-times/fticons/-/fticons-1.23.1.tgz",
      "integrity": "sha512-pBcOFpblNAUVl38Vez+WHpYlRC/gYkk30ANFiDWN7tUjKFsa2AbEMSJ2JBZsGEMvupPMBWKA/zsVqb29FmGnxA==",
      "peer": true
    },
    "node_modules/@financial-times/math": {
      "version": "1.1.0",
      "resolved": "https://registry.npmjs.org/@financial-times/math/-/math-1.1.0.tgz",
      "integrity": "sha512-de62A+grddYjBzOf5NogvRou2othrHThVxPKf4hWjEvTTMTisPDvVfc7jiVm3OvH7FyGImwrpPJN/u30NzeLmQ==",
      "peer": true,
      "engines": {
        "npm": "^7 || ^8"
      },
      "peerDependencies": {
        "mathsass": "0.10.1"
      }
    },
    "node_modules/@financial-times/n-tracking": {
      "version": "1.4.0",
      "resolved": "https://registry.npmjs.org/@financial-times/n-tracking/-/n-tracking-1.4.0.tgz",
      "integrity": "sha512-MkHXh3TtlBjanvTICRtct8o5n48v6hYhq3nW5DuAa3A4zDRq9PVxPDoSNjBIFs0eXrNuPHRYY5yJ+I/OzRBhBg==",
      "dependencies": {
        "@financial-times/o-grid": "^5.0.0",
        "@financial-times/o-tracking": "^2.0.3",
        "@financial-times/o-viewport": "^4.0.0",
        "ready-state": "^2.0.5"
      },
      "engines": {
        "node": ">=8.16.0"
      },
      "peerDependencies": {
        "react": "^16.9.0"
      }
    },
    "node_modules/@financial-times/n-tracking/node_modules/@financial-times/o-grid": {
      "version": "5.2.12",
      "resolved": "https://registry.npmjs.org/@financial-times/o-grid/-/o-grid-5.2.12.tgz",
      "integrity": "sha512-j1oz7ClBvhAvlQoIj62rH0b5g3LAJcSDnWTPBV9/IYKY+xq0pewFOQ+SvK7fn4dzl7UUEVXSjy2iav8zo2OFTg==",
      "dependencies": {
        "sass-mq": "^5.0.0"
      }
    },
    "node_modules/@financial-times/n-tracking/node_modules/@financial-times/o-tracking": {
      "version": "2.0.10",
      "resolved": "https://registry.npmjs.org/@financial-times/o-tracking/-/o-tracking-2.0.10.tgz",
      "integrity": "sha512-Sl3n7eb1KSkrxAw5DC2z4XYi0THdAvN662KxYRN8hkLgnd0tlelpBb50NkTkdefnHPw6yD19QWjGyM5Auu+0uA==",
      "dependencies": {
        "ftdomdelegate": "^4.0.0"
      }
    },
    "node_modules/@financial-times/n-tracking/node_modules/@financial-times/o-utils": {
      "version": "1.1.7",
      "resolved": "https://registry.npmjs.org/@financial-times/o-utils/-/o-utils-1.1.7.tgz",
      "integrity": "sha512-7lissruqmZfGPnkVrK8sk67Im6SJWhJnPBJ8YtbXite4NiWptNxVFXLMgHd4ixDwXxfvWWGJ3mS2CDHQHb6rog=="
    },
    "node_modules/@financial-times/n-tracking/node_modules/@financial-times/o-viewport": {
      "version": "4.0.5",
      "resolved": "https://registry.npmjs.org/@financial-times/o-viewport/-/o-viewport-4.0.5.tgz",
      "integrity": "sha512-dNB52EYnrfujG6V6B1foxCRWjgklsDc7KIEC0LOoUmXBIPXW258efzXMOKeK8ElVo3P2REjK+VOcTxJXnKuP+A==",
      "dependencies": {
        "@financial-times/o-utils": "^1.0.0"
      }
    },
    "node_modules/@financial-times/o-brand": {
      "version": "4.2.1",
      "resolved": "https://registry.npmjs.org/@financial-times/o-brand/-/o-brand-4.2.1.tgz",
      "integrity": "sha512-tdDa8JFnHIEYrn4h3mG5j7FI7qZx4S7ywFjzNGTDOxEm6jp0xEpc8laAzSI8QfIhjedGmM26/AkSG3LBJ7/8XQ==",
      "peer": true,
      "engines": {
        "npm": "^7 || ^8"
      }
    },
    "node_modules/@financial-times/o-buttons": {
      "version": "7.2.2",
      "resolved": "https://registry.npmjs.org/@financial-times/o-buttons/-/o-buttons-7.2.2.tgz",
      "integrity": "sha512-FE7gUBPokAq7tvmVctYEMP7LX9LJboO7rPK11JOz+cBQL88BNAwYiVeAYfgj8mM1nex99kNjaZEwxkNSRgpplg==",
      "engines": {
        "npm": "^7 || ^8"
      },
      "peerDependencies": {
        "@financial-times/o-brand": "^4.1.0",
        "@financial-times/o-colors": "^6.0.1",
        "@financial-times/o-icons": "^7.0.0",
        "@financial-times/o-normalise": "^3.2.0",
        "@financial-times/o-typography": "^7.0.1"
      }
    },
    "node_modules/@financial-times/o-colors": {
      "version": "6.4.2",
      "resolved": "https://registry.npmjs.org/@financial-times/o-colors/-/o-colors-6.4.2.tgz",
      "integrity": "sha512-M9I652qnTL6nDARt/3S2cbmJsiM34ag+1kfHtt37xMf2ZsXA/M7c0s+fYO2UWJ308+eWSa1aA8P5Dl13jndmzQ==",
      "engines": {
        "npm": "^7 || ^8"
      },
      "peerDependencies": {
        "@financial-times/math": "^1.0.0",
        "@financial-times/o-brand": "^4.0.1"
      }
    },
    "node_modules/@financial-times/o-cookie-message": {
      "version": "6.3.1",
      "resolved": "https://registry.npmjs.org/@financial-times/o-cookie-message/-/o-cookie-message-6.3.1.tgz",
      "integrity": "sha512-x7vZLK2BP3x90CJg3lpRQNR8eQ7YX0d6pUg3M6kZACq1qk6hK/a5dq0aJU0qRoDUZvLapx+umfeogc1G7IrslA==",
      "dependencies": {
        "superstore-sync": "^2.1.1"
      },
      "engines": {
        "npm": "^7 || ^8"
      },
      "peerDependencies": {
        "@financial-times/math": "^1.0.0",
        "@financial-times/o-buttons": "^7.0.0",
        "@financial-times/o-spacing": "^3.0.0",
        "@financial-times/o-typography": "^7.0.1",
        "@financial-times/o-viewport": "^5.0.0",
        "@financial-times/o-visual-effects": "^4.0.1"
      }
    },
    "node_modules/@financial-times/o-date": {
      "version": "5.2.1",
      "resolved": "https://registry.npmjs.org/@financial-times/o-date/-/o-date-5.2.1.tgz",
      "integrity": "sha512-wmnNikR0cCMLGAnKcWrN7b+Cc2oJAR1t8E8m74QrBqsSgwzNO7YoE2DJlATwzJUnGRz4RNYiRm0vpFUFR9BHCQ==",
      "dependencies": {
        "@financial-times/ft-date-format": "^2.1.0"
      },
      "engines": {
        "npm": "^7 || ^8"
      }
    },
    "node_modules/@financial-times/o-editorial-typography": {
      "version": "2.3.2",
      "resolved": "https://registry.npmjs.org/@financial-times/o-editorial-typography/-/o-editorial-typography-2.3.2.tgz",
      "integrity": "sha512-KrOGq7rbSTEFVKaEEdy6jSaZInb4JyzhjaN4xfDPws1f+AYoiHcZA+146uR5qnlZW85SD3scPueQZ1vfBTU+cw==",
      "engines": {
        "npm": "^7 || ^8"
      },
      "peerDependencies": {
        "@financial-times/o-colors": "^6.0.1",
        "@financial-times/o-fonts": "^5.0.0",
        "@financial-times/o-spacing": "^3.0.0",
        "@financial-times/o-typography": "^7.0.1"
      }
    },
    "node_modules/@financial-times/o-fonts": {
      "version": "5.2.1",
      "resolved": "https://registry.npmjs.org/@financial-times/o-fonts/-/o-fonts-5.2.1.tgz",
      "integrity": "sha512-VmmWu2k5MwsAd2VhEpnqBO2sH7bwoaNVSyx6TC2jX1bnTfzJaOrNLtquuIHRnWwN5IWWlbskm7K0Ri83OhJIXw==",
      "engines": {
        "npm": "^7 || ^8"
      },
      "peerDependencies": {
        "@financial-times/o-brand": "^4.1.0"
      }
    },
    "node_modules/@financial-times/o-footer": {
      "version": "9.2.1",
      "resolved": "https://registry.npmjs.org/@financial-times/o-footer/-/o-footer-9.2.1.tgz",
      "integrity": "sha512-yhQ3TuLHi//8Nk2fXJ7wH3972LtybvbKyZ/61gV9ReBLTAD7IPVbHYmYgu/ynCOfhXvCDYd4y4juXvq27b2vww==",
      "engines": {
        "npm": "^7 || ^8"
      },
      "peerDependencies": {
        "@financial-times/math": "^1.0.0",
        "@financial-times/o-brand": "^4.1.0",
        "@financial-times/o-colors": "^6.0.1",
        "@financial-times/o-grid": "^6.0.0",
        "@financial-times/o-icons": "^7.0.0",
        "@financial-times/o-loading": "^5.0.0",
        "@financial-times/o-normalise": "^3.2.0",
        "@financial-times/o-spacing": "^3.0.0",
        "@financial-times/o-toggle": "^3.0.0",
        "@financial-times/o-typography": "^7.0.1",
        "@financial-times/o-viewport": "^5.0.0"
      }
    },
    "node_modules/@financial-times/o-forms": {
      "version": "9.2.3",
      "resolved": "https://registry.npmjs.org/@financial-times/o-forms/-/o-forms-9.2.3.tgz",
      "integrity": "sha512-SZc87yQjb+CS9W9f+8H9h9qDS3rHrBMdmF8Fzw9RhBacqQKH6DWA2jJenV1BfUGl4GQA/2zF+sH1GovLAiTZcg==",
      "engines": {
        "npm": "^7 || ^8"
      },
      "peerDependencies": {
        "@financial-times/math": "^1.0.0",
        "@financial-times/o-brand": "^4.1.0",
        "@financial-times/o-buttons": "^7.2.0",
        "@financial-times/o-colors": "^6.0.1",
        "@financial-times/o-grid": "^6.0.0",
        "@financial-times/o-icons": "^7.0.0",
        "@financial-times/o-loading": "^5.0.0",
        "@financial-times/o-normalise": "^3.2.0",
        "@financial-times/o-spacing": "^3.0.0",
        "@financial-times/o-typography": "^7.0.1"
      }
    },
    "node_modules/@financial-times/o-grid": {
      "version": "6.1.5",
      "resolved": "https://registry.npmjs.org/@financial-times/o-grid/-/o-grid-6.1.5.tgz",
      "integrity": "sha512-wjotgIlrkx0YvR96MD6FwB0tKuX4NyDiiz8FXlBGhsB/Csn1qDecsDQuhQ8XesBdbJI1LG1zrnOGrP/WQncCqg==",
      "engines": {
        "npm": "^7 || ^8"
      },
      "peerDependencies": {
        "@financial-times/math": "^1.0.0",
        "@financial-times/sass-mq": "^5.0.2"
      }
    },
    "node_modules/@financial-times/o-header": {
      "version": "9.2.3",
      "resolved": "https://registry.npmjs.org/@financial-times/o-header/-/o-header-9.2.3.tgz",
      "integrity": "sha512-CHPQZc7B7No7SMm2sTynHzo9ilGSX4gpTNGeZD7fqW8G3OeAsNnlRF8JPS5OfTqpimfSpx+WjoFeIYLWwU0AmA==",
      "engines": {
        "npm": "^7 || ^8"
      },
      "peerDependencies": {
        "@financial-times/math": "^1.0.0",
        "@financial-times/o-brand": "^4.1.0",
        "@financial-times/o-buttons": "^7.0.0",
        "@financial-times/o-colors": "^6.0.1",
        "@financial-times/o-grid": "^6.1.1",
        "@financial-times/o-icons": "^7.0.1",
        "@financial-times/o-normalise": "^3.2.0",
        "@financial-times/o-toggle": "^3.0.0",
        "@financial-times/o-typography": "^7.0.1",
        "@financial-times/o-utils": "^2.0.0",
        "@financial-times/o-visual-effects": "^4.0.1"
      }
    },
    "node_modules/@financial-times/o-icons": {
      "version": "7.2.1",
      "resolved": "https://registry.npmjs.org/@financial-times/o-icons/-/o-icons-7.2.1.tgz",
      "integrity": "sha512-VUeP9FkdRy3FFwy79THy4V2nqY8FF6KU/0yL6JTLOiYnm9upgcV0hMQHVTd2Vv4xjY+0gpy8IZgstuolB+QJhg==",
      "engines": {
        "npm": "^7 || ^8"
      },
      "peerDependencies": {
        "@financial-times/fticons": "^1.23.1"
      }
    },
    "node_modules/@financial-times/o-labels": {
      "version": "6.2.2",
      "resolved": "https://registry.npmjs.org/@financial-times/o-labels/-/o-labels-6.2.2.tgz",
      "integrity": "sha512-Us63O8q3Wn6HrauIESTNCvSW3OnoynSYNp2CF9XFZ6ujOGwRgYR/QJcdWmgsJpJjgbCMkcl91LHmOjMZm16IeA==",
      "engines": {
        "npm": "^7 || ^8"
      },
      "peerDependencies": {
        "@financial-times/o-brand": "^4.1.0",
        "@financial-times/o-colors": "^6.0.1",
        "@financial-times/o-editorial-typography": "^2.0.1",
        "@financial-times/o-spacing": "^3.0.0",
        "@financial-times/o-typography": "^7.0.1"
      }
    },
    "node_modules/@financial-times/o-loading": {
      "version": "5.2.1",
      "resolved": "https://registry.npmjs.org/@financial-times/o-loading/-/o-loading-5.2.1.tgz",
      "integrity": "sha512-63wLZuONKI1tygnq3xUxm1zYsLllBFhyQ+0jK2fnPuUTwzgquHZaO9ncdnsjqs1s2WF3rToZK8dpGlPRsjWgBw==",
      "peer": true,
      "engines": {
        "npm": "^7 || ^8"
      },
      "peerDependencies": {
        "@financial-times/o-brand": "^4.1.0",
        "@financial-times/o-colors": "^6.0.1",
        "@financial-times/sass-mq": "^5.0.2"
      }
    },
    "node_modules/@financial-times/o-normalise": {
      "version": "3.2.2",
      "resolved": "https://registry.npmjs.org/@financial-times/o-normalise/-/o-normalise-3.2.2.tgz",
      "integrity": "sha512-w7eYm2EB4Wf4cY5IJ/B55xst32mFQIW41f+HZpfykJEvI0ohBM2ghfaLu+JpJdaAv8kRaV8245FdDcngDst3wA==",
      "peer": true,
      "engines": {
        "npm": "^7 || ^8"
      },
      "peerDependencies": {
        "@financial-times/o-colors": "^6.0.1",
        "@financial-times/sass-mq": "^5.0.2"
      }
    },
    "node_modules/@financial-times/o-overlay": {
      "version": "4.2.3",
      "resolved": "https://registry.npmjs.org/@financial-times/o-overlay/-/o-overlay-4.2.3.tgz",
      "integrity": "sha512-o2pu1e0uKqLDSHezHTW09wqPHBmRygmpS9gmDwWxK08YCeO7odpHvrWw0jdjrMKG0mXmXIPd/WCKvxlEEuaFlg==",
      "dependencies": {
        "focusable": "^2.3.0",
        "ftdomdelegate": "^4.0.0"
      },
      "engines": {
        "npm": "^7 || ^8"
      },
      "peerDependencies": {
        "@financial-times/o-brand": "^4.1.0",
        "@financial-times/o-colors": "^6.0.1",
        "@financial-times/o-icons": "^7.0.0",
        "@financial-times/o-normalise": "^3.2.0",
        "@financial-times/o-spacing": "^3.0.0",
        "@financial-times/o-typography": "^7.0.1",
        "@financial-times/o-viewport": "^5.0.0",
        "@financial-times/o-visual-effects": "^4.0.1"
      }
    },
    "node_modules/@financial-times/o-share": {
      "version": "8.2.1",
      "resolved": "https://registry.npmjs.org/@financial-times/o-share/-/o-share-8.2.1.tgz",
      "integrity": "sha512-dwuJfJ5VeF+DQ4wplJi1/KAax0tIUMJpwf7aJbGWwFfYJF0Z3/h1PmqpjKMIhRLMemdy2o5JL49UqseT148iXA==",
      "dependencies": {
        "ftdomdelegate": "^4.0.6"
      },
      "engines": {
        "npm": "^7 || ^8"
      },
      "peerDependencies": {
        "@financial-times/math": "^1.0.0",
        "@financial-times/o-brand": "^4.1.0",
        "@financial-times/o-colors": "^6.0.1",
        "@financial-times/o-grid": "^6.0.0",
        "@financial-times/o-normalise": "^3.2.0",
        "@financial-times/o-spacing": "^3.0.0",
        "@financial-times/o-typography": "^7.0.1"
      }
    },
    "node_modules/@financial-times/o-spacing": {
      "version": "3.2.1",
      "resolved": "https://registry.npmjs.org/@financial-times/o-spacing/-/o-spacing-3.2.1.tgz",
      "integrity": "sha512-Vyb5zTl5UH+ReR64DAqF+CGv5UF0sWFjkbNbwrPaCK69cOiGopjEhh413A0zmTMZxPv3NcZzZMQQ4XidbRokCQ==",
      "peer": true,
      "engines": {
        "npm": "^7 || ^8"
      },
      "peerDependencies": {
        "@financial-times/math": "^1.0.0"
      }
    },
    "node_modules/@financial-times/o-teaser": {
      "version": "6.2.2",
      "resolved": "https://registry.npmjs.org/@financial-times/o-teaser/-/o-teaser-6.2.2.tgz",
      "integrity": "sha512-n2Lzm4JwR2d7vQh2ZnBscrzOkRtmm02XAK8h4bAbWiYJWBfFlaWFS68GWUKecTVYQlZFZXZprKYMPP/Z1jD40w==",
      "engines": {
        "npm": "^7 || ^8"
      },
      "peerDependencies": {
        "@financial-times/o-colors": "^6.0.1",
        "@financial-times/o-grid": "^6.0.0",
        "@financial-times/o-icons": "^7.0.1",
        "@financial-times/o-labels": "^6.0.0",
        "@financial-times/o-normalise": "^3.2.0",
        "@financial-times/o-spacing": "^3.0.0",
        "@financial-times/o-typography": "^7.0.1"
      }
    },
    "node_modules/@financial-times/o-toggle": {
      "version": "3.2.2",
      "resolved": "https://registry.npmjs.org/@financial-times/o-toggle/-/o-toggle-3.2.2.tgz",
      "integrity": "sha512-qF1iIjSavaH7NXKlwDDFlphhFpcNAJsV6DXPHF8B0gsCmJDZS2xX5UdW6eXra6fyrtofCzLR/QiUDBfM9mtE9g==",
      "peer": true,
      "engines": {
        "npm": "^7 || ^8"
      }
    },
    "node_modules/@financial-times/o-tracking": {
      "version": "4.2.1",
      "resolved": "https://registry.npmjs.org/@financial-times/o-tracking/-/o-tracking-4.2.1.tgz",
      "integrity": "sha512-NSSl0nmA5Ds3Hha8jB+6ALLuejVPMjZm9+e4TFQkAZE4Oy9NUGCWZK+rRPYaOJV7h8wE2ul4d6nRFSj8pIbqKA==",
      "dependencies": {
        "ftdomdelegate": "^5"
      },
      "engines": {
        "npm": "^7 || ^8"
      }
    },
    "node_modules/@financial-times/o-tracking/node_modules/ftdomdelegate": {
      "version": "5.0.0",
      "resolved": "https://registry.npmjs.org/ftdomdelegate/-/ftdomdelegate-5.0.0.tgz",
      "integrity": "sha512-P9UmLMIq/ibxxFVBHlE2EIoHcFNDpamn3urRCwVWMnj3o9nAgLtqe64WVuqcGtkN4wujrBYeyxKCuN1/WO+bQw=="
    },
    "node_modules/@financial-times/o-typography": {
      "version": "7.2.2",
      "resolved": "https://registry.npmjs.org/@financial-times/o-typography/-/o-typography-7.2.2.tgz",
      "integrity": "sha512-WVJ8tq1tH9M8ZB7PoyiMAy/16D5n20yNleVCYRHphuTl/k3ZR4XvG0hT/AS+bH1J6k9JEwH1nLEBCRQ0/NZ0Mg==",
      "dependencies": {
        "fontfaceobserver": "^2.0.9"
      },
      "engines": {
        "npm": "^7 || ^8"
      },
      "peerDependencies": {
        "@financial-times/math": "^1.0.0",
        "@financial-times/o-colors": "^6.0.1",
        "@financial-times/o-fonts": "^5.0.0",
        "@financial-times/o-grid": "^6.1.1",
        "@financial-times/o-icons": "^7.0.0",
        "@financial-times/o-normalise": "^3.2.0",
        "@financial-times/o-spacing": "^3.0.0"
      }
    },
    "node_modules/@financial-times/o-utils": {
      "version": "2.1.1",
      "resolved": "https://registry.npmjs.org/@financial-times/o-utils/-/o-utils-2.1.1.tgz",
      "integrity": "sha512-kZQfGjVI0A8axO3aPs8AIGStxG+jGX0FKZgjBTQAx+4Dud6vloVGJpSix+/Q7ym5rewjhDLsFVECM18Lvswbhw==",
      "engines": {
        "npm": "^7 || ^8"
      }
    },
    "node_modules/@financial-times/o-viewport": {
      "version": "5.1.1",
      "resolved": "https://registry.npmjs.org/@financial-times/o-viewport/-/o-viewport-5.1.1.tgz",
      "integrity": "sha512-9v4R2a291ZFhyFalEx3MOMUTHaJ3TDKWJNfgiPtXHtjTR33xsrrnb+DH74jYOzn9L2ixxakOdUTHHPfpJMWwOA==",
      "engines": {
        "npm": "^7 || ^8"
      },
      "peerDependencies": {
        "@financial-times/o-utils": "^2.0.0"
      }
    },
    "node_modules/@financial-times/o-visual-effects": {
      "version": "4.1.1",
      "resolved": "https://registry.npmjs.org/@financial-times/o-visual-effects/-/o-visual-effects-4.1.1.tgz",
      "integrity": "sha512-RnQWNqHLUthcMRKC8EM+OUWqgCCibnrwYVQ8l1B5Lt0FJL27PtA4e3KB14Nrg74ghoJb5ZnRPmScNIQ1QYVDEA==",
      "peer": true,
      "engines": {
        "npm": "^7 || ^8"
      },
      "peerDependencies": {
        "@financial-times/o-colors": "^6.0.1"
      }
    },
    "node_modules/@financial-times/privacy-legislation-client": {
      "version": "1.0.0",
      "resolved": "https://registry.npmjs.org/@financial-times/privacy-legislation-client/-/privacy-legislation-client-1.0.0.tgz",
      "integrity": "sha512-tnF8/g4u70sHmay46FMONpeXqy7K/DckcLtvfda7WjysgdbIGmw1baZovNMXdPypfbJZeCV3eQO9xKcRySubJA=="
    },
    "node_modules/@financial-times/privacy-us-privacy": {
      "version": "1.0.0",
      "resolved": "https://registry.npmjs.org/@financial-times/privacy-us-privacy/-/privacy-us-privacy-1.0.0.tgz",
      "integrity": "sha512-iQS8u4sifeqczVOkaSyrVZUny8/Augc9LJs6/rESE1v41grU9BxpnCHk1v6l3NRCq+Rb4uzeB4TCNtkWaDhcQw==",
      "dependencies": {
        "@financial-times/privacy-legislation-client": "^1.0.0"
      }
    },
    "node_modules/@financial-times/sass-mq": {
      "version": "5.2.3",
      "resolved": "https://registry.npmjs.org/@financial-times/sass-mq/-/sass-mq-5.2.3.tgz",
      "integrity": "sha512-A8+i+9y7Bcmaac72Ggf99D3QnkUxPRceKRGGxMy7GBOdtvCWgU7iN+99u95j/AVPhwX3M0NGqeEObxw1WusaHw==",
      "peer": true,
      "engines": {
        "npm": "^7 || ^8"
      },
      "peerDependencies": {
        "@financial-times/math": "^1.0.0"
      }
    },
    "node_modules/core-js": {
      "version": "3.21.0",
      "resolved": "https://registry.npmjs.org/core-js/-/core-js-3.21.0.tgz",
      "integrity": "sha512-YUdI3fFu4TF/2WykQ2xzSiTQdldLB4KVuL9WeAy5XONZYt5Cun/fpQvctoKbCgvPhmzADeesTk/j2Rdx77AcKQ==",
      "hasInstallScript": true,
      "funding": {
        "type": "opencollective",
        "url": "https://opencollective.com/core-js"
      }
    },
    "node_modules/focusable": {
      "version": "2.3.0",
      "resolved": "https://registry.npmjs.org/focusable/-/focusable-2.3.0.tgz",
      "integrity": "sha512-e63a4CAb5yLbn4Scn0wG9F+rEq4ZcbggRc9pD3hufAWf8y8dpZImdIES8YNUufRpKB+p0JS+BRd8RBU+sLAeIw=="
    },
    "node_modules/fontfaceobserver": {
      "version": "2.1.0",
      "resolved": "https://registry.npmjs.org/fontfaceobserver/-/fontfaceobserver-2.1.0.tgz",
      "integrity": "sha512-ReOsO2F66jUa0jmv2nlM/s1MiutJx/srhAe2+TE8dJCMi02ZZOcCTxTCQFr3Yet+uODUtnr4Mewg+tNQ+4V1Ng=="
    },
    "node_modules/ftdomdelegate": {
      "version": "4.0.6",
      "resolved": "https://registry.npmjs.org/ftdomdelegate/-/ftdomdelegate-4.0.6.tgz",
      "integrity": "sha512-M1d0WNPkXngQlNuD5eWaxNsbigRkJE6qlgRyPSWXfpyq+H7DMF7EB1GC2VYZZtKH3ZIZf97Db8N3Qn7xU1MzPw=="
    },
    "node_modules/js-tokens": {
      "version": "4.0.0",
      "resolved": "https://registry.npmjs.org/js-tokens/-/js-tokens-4.0.0.tgz",
      "integrity": "sha512-RdJUflcE3cUzKiMqQgsCu06FPu9UdIJO0beYbPhHN4k6apgJtifcoCtT9bcxOpYBtpD2kCM6Sbzg4CausW/PKQ==",
      "peer": true
    },
    "node_modules/loose-envify": {
      "version": "1.4.0",
      "resolved": "https://registry.npmjs.org/loose-envify/-/loose-envify-1.4.0.tgz",
      "integrity": "sha512-lyuxPGr/Wfhrlem2CL/UcnUc1zcqKAImBDzukY7Y5F/yQiNdko6+fRLevlw1HgMySw7f611UIY408EtxRSoK3Q==",
      "peer": true,
      "dependencies": {
        "js-tokens": "^3.0.0 || ^4.0.0"
      },
      "bin": {
        "loose-envify": "cli.js"
      }
    },
    "node_modules/mathsass": {
      "version": "0.10.1",
      "resolved": "https://registry.npmjs.org/mathsass/-/mathsass-0.10.1.tgz",
      "integrity": "sha1-h2j+ICEL1drqttZFxCx+aaTGAAg=",
      "peer": true,
      "engines": {
        "node": ">=0.8.0",
        "npm": ">=1.2.10"
      }
    },
    "node_modules/object-assign": {
      "version": "4.1.1",
      "resolved": "https://registry.npmjs.org/object-assign/-/object-assign-4.1.1.tgz",
      "integrity": "sha1-IQmtx5ZYh8/AXLvUQsrIv7s2CGM=",
      "peer": true,
      "engines": {
        "node": ">=0.10.0"
      }
    },
    "node_modules/prop-types": {
      "version": "15.8.1",
      "resolved": "https://registry.npmjs.org/prop-types/-/prop-types-15.8.1.tgz",
      "integrity": "sha512-oj87CgZICdulUohogVAR7AjlC0327U4el4L6eAvOqCeudMDVU0NThNaV+b9Df4dXgSP1gXMTnPdhfe/2qDH5cg==",
      "peer": true,
      "dependencies": {
        "loose-envify": "^1.4.0",
        "object-assign": "^4.1.1",
        "react-is": "^16.13.1"
      }
    },
    "node_modules/react": {
      "version": "16.14.0",
      "resolved": "https://registry.npmjs.org/react/-/react-16.14.0.tgz",
      "integrity": "sha512-0X2CImDkJGApiAlcf0ODKIneSwBPhqJawOa5wCtKbu7ZECrmS26NvtSILynQ66cgkT/RJ4LidJOc3bUESwmU8g==",
      "peer": true,
      "dependencies": {
        "loose-envify": "^1.1.0",
        "object-assign": "^4.1.1",
        "prop-types": "^15.6.2"
      },
      "engines": {
        "node": ">=0.10.0"
      }
    },
    "node_modules/react-dom": {
      "version": "16.14.0",
      "resolved": "https://registry.npmjs.org/react-dom/-/react-dom-16.14.0.tgz",
      "integrity": "sha512-1gCeQXDLoIqMgqD3IO2Ah9bnf0w9kzhwN5q4FGnHZ67hBm9yePzB5JJAIQCc8x3pFnNlwFq4RidZggNAAkzWWw==",
      "peer": true,
      "dependencies": {
        "loose-envify": "^1.1.0",
        "object-assign": "^4.1.1",
        "prop-types": "^15.6.2",
        "scheduler": "^0.19.1"
      },
      "peerDependencies": {
        "react": "^16.14.0"
      }
    },
    "node_modules/react-is": {
      "version": "16.13.1",
      "resolved": "https://registry.npmjs.org/react-is/-/react-is-16.13.1.tgz",
      "integrity": "sha512-24e6ynE2H+OKt4kqsOvNd8kBpV65zoxbA4BVsEOB3ARVWQki/DHzaUoC5KuON/BiccDaCCTZBuOcfZs70kR8bQ==",
      "peer": true
    },
    "node_modules/ready-state": {
      "version": "2.0.5",
      "resolved": "https://registry.npmjs.org/ready-state/-/ready-state-2.0.5.tgz",
      "integrity": "sha512-rwuszAC+hAAhQWK0alQOSq0Fa5/SO9XvbzVY/Ki82d1ocwLY7kdjEooVbYg7GELrCXySckTmsuTgLd8hqKz9Og=="
    },
    "node_modules/regenerator-runtime": {
      "version": "0.13.9",
      "resolved": "https://registry.npmjs.org/regenerator-runtime/-/regenerator-runtime-0.13.9.tgz",
      "integrity": "sha512-p3VT+cOEgxFsRRA9X4lkI1E+k2/CtnKtU4gcxyaCUreilL/vqI6CdZ3wxVUx3UOUg+gnUOQQcRI7BmSI656MYA=="
    },
    "node_modules/sass-mq": {
      "version": "5.0.1",
      "resolved": "https://registry.npmjs.org/sass-mq/-/sass-mq-5.0.1.tgz",
      "integrity": "sha512-ugSVZO5fzasSFrGfKCtY02spnkOOfo9U9sXuzCuSXoCl1CgcoqdJRdNmigZkhvRVph1GKM6o0pgI00Jjc445CA=="
    },
    "node_modules/scheduler": {
      "version": "0.19.1",
      "resolved": "https://registry.npmjs.org/scheduler/-/scheduler-0.19.1.tgz",
      "integrity": "sha512-n/zwRWRYSUj0/3g/otKDRPMh6qv2SYMWNq85IEa8iZyAv8od9zDYpGSnpBEjNgcMNq6Scbu5KfIPxNF72R/2EA==",
      "peer": true,
      "dependencies": {
        "loose-envify": "^1.1.0",
        "object-assign": "^4.1.1"
      }
    },
    "node_modules/superstore-sync": {
      "version": "2.1.1",
      "resolved": "https://registry.npmjs.org/superstore-sync/-/superstore-sync-2.1.1.tgz",
      "integrity": "sha512-p9UZQkOR0JKr4rJFwQubHff8+ktFg8LuIvwR3fYtjra2+m6dTA3LPkf6VQApZaRgaCkYzcDDgAIshM1Ejq0wxQ==",
      "engines": {
        "node": "*"
      }
    }
  },
  "dependencies": {
    "@financial-times/ads-display": {
      "version": "2.1.0",
      "resolved": "https://registry.npmjs.org/@financial-times/ads-display/-/ads-display-2.1.0.tgz",
      "integrity": "sha512-oZHx04tEBn9PNNnVLDBroP3aWGGGReKMq9CVVm0eIiBNmGmoV9pAOhNSacYAvYslhKWeo9PP6amI9y1AEl61BQ==",
      "requires": {
        "@financial-times/ads-legacy-o-ads": "^2.1.0",
        "@financial-times/ads-permutive": "^2.1.0",
        "@financial-times/n-tracking": "1.4.0",
        "@financial-times/o-tracking": "^2.0.3",
        "@financial-times/privacy-us-privacy": "^1.0.0"
      },
      "dependencies": {
        "@financial-times/o-tracking": {
          "version": "2.0.10",
          "resolved": "https://registry.npmjs.org/@financial-times/o-tracking/-/o-tracking-2.0.10.tgz",
          "integrity": "sha512-Sl3n7eb1KSkrxAw5DC2z4XYi0THdAvN662KxYRN8hkLgnd0tlelpBb50NkTkdefnHPw6yD19QWjGyM5Auu+0uA==",
          "requires": {
            "ftdomdelegate": "^4.0.0"
          }
        }
      }
    },
    "@financial-times/ads-legacy-o-ads": {
      "version": "2.2.0",
      "resolved": "https://registry.npmjs.org/@financial-times/ads-legacy-o-ads/-/ads-legacy-o-ads-2.2.0.tgz",
      "integrity": "sha512-qv0XI1b8AE08t01Xq5MIgdnMWgWOPxlTMbqyC/lOKn/p7cMxCy75qyvxEn7AP6xZyaOL7ODpqAeFYHwVHi44fA==",
      "requires": {
        "@financial-times/o-utils": "^2.0.0",
        "@financial-times/o-viewport": "^5.0.0"
      }
    },
    "@financial-times/ads-permutive": {
      "version": "2.2.0",
      "resolved": "https://registry.npmjs.org/@financial-times/ads-permutive/-/ads-permutive-2.2.0.tgz",
      "integrity": "sha512-qh5ETt5wOtdPwNHr9hLEYVg12VnPRV9oiII50ZguzDoXwqUNoHMk2CgfPoG0E6vUzOWtIK/ulWC3+/69lSqHRA==",
      "requires": {
        "core-js": "^3.6.5",
        "regenerator-runtime": "^0.13.5"
      }
    },
    "@financial-times/ft-date-format": {
      "version": "2.1.0",
      "resolved": "https://registry.npmjs.org/@financial-times/ft-date-format/-/ft-date-format-2.1.0.tgz",
      "integrity": "sha512-nVDEVgQTHU5vBQVC1zNb7erXDvOsugcPfTsm2L+nB0dSeIsGjKy+FMEUYpd05PQsw4c5H/IvownQuGLHhwolbw=="
    },
    "@financial-times/fticons": {
      "version": "1.23.1",
      "resolved": "https://registry.npmjs.org/@financial-times/fticons/-/fticons-1.23.1.tgz",
      "integrity": "sha512-pBcOFpblNAUVl38Vez+WHpYlRC/gYkk30ANFiDWN7tUjKFsa2AbEMSJ2JBZsGEMvupPMBWKA/zsVqb29FmGnxA==",
      "peer": true
    },
    "@financial-times/math": {
      "version": "1.1.0",
      "resolved": "https://registry.npmjs.org/@financial-times/math/-/math-1.1.0.tgz",
      "integrity": "sha512-de62A+grddYjBzOf5NogvRou2othrHThVxPKf4hWjEvTTMTisPDvVfc7jiVm3OvH7FyGImwrpPJN/u30NzeLmQ==",
      "peer": true,
      "requires": {}
    },
    "@financial-times/n-tracking": {
      "version": "1.4.0",
      "resolved": "https://registry.npmjs.org/@financial-times/n-tracking/-/n-tracking-1.4.0.tgz",
      "integrity": "sha512-MkHXh3TtlBjanvTICRtct8o5n48v6hYhq3nW5DuAa3A4zDRq9PVxPDoSNjBIFs0eXrNuPHRYY5yJ+I/OzRBhBg==",
      "requires": {
        "@financial-times/o-grid": "^5.0.0",
        "@financial-times/o-tracking": "^2.0.3",
        "@financial-times/o-viewport": "^4.0.0",
        "ready-state": "^2.0.5"
      },
      "dependencies": {
        "@financial-times/o-grid": {
          "version": "5.2.12",
          "resolved": "https://registry.npmjs.org/@financial-times/o-grid/-/o-grid-5.2.12.tgz",
          "integrity": "sha512-j1oz7ClBvhAvlQoIj62rH0b5g3LAJcSDnWTPBV9/IYKY+xq0pewFOQ+SvK7fn4dzl7UUEVXSjy2iav8zo2OFTg==",
          "requires": {
            "sass-mq": "^5.0.0"
          }
        },
        "@financial-times/o-tracking": {
          "version": "2.0.10",
          "resolved": "https://registry.npmjs.org/@financial-times/o-tracking/-/o-tracking-2.0.10.tgz",
          "integrity": "sha512-Sl3n7eb1KSkrxAw5DC2z4XYi0THdAvN662KxYRN8hkLgnd0tlelpBb50NkTkdefnHPw6yD19QWjGyM5Auu+0uA==",
          "requires": {
            "ftdomdelegate": "^4.0.0"
          }
        },
        "@financial-times/o-utils": {
          "version": "1.1.7",
          "resolved": "https://registry.npmjs.org/@financial-times/o-utils/-/o-utils-1.1.7.tgz",
          "integrity": "sha512-7lissruqmZfGPnkVrK8sk67Im6SJWhJnPBJ8YtbXite4NiWptNxVFXLMgHd4ixDwXxfvWWGJ3mS2CDHQHb6rog=="
        },
        "@financial-times/o-viewport": {
          "version": "4.0.5",
          "resolved": "https://registry.npmjs.org/@financial-times/o-viewport/-/o-viewport-4.0.5.tgz",
          "integrity": "sha512-dNB52EYnrfujG6V6B1foxCRWjgklsDc7KIEC0LOoUmXBIPXW258efzXMOKeK8ElVo3P2REjK+VOcTxJXnKuP+A==",
          "requires": {
            "@financial-times/o-utils": "^1.0.0"
          }
        }
      }
    },
    "@financial-times/o-brand": {
      "version": "4.2.1",
      "resolved": "https://registry.npmjs.org/@financial-times/o-brand/-/o-brand-4.2.1.tgz",
      "integrity": "sha512-tdDa8JFnHIEYrn4h3mG5j7FI7qZx4S7ywFjzNGTDOxEm6jp0xEpc8laAzSI8QfIhjedGmM26/AkSG3LBJ7/8XQ==",
      "peer": true
    },
    "@financial-times/o-buttons": {
      "version": "7.2.2",
      "resolved": "https://registry.npmjs.org/@financial-times/o-buttons/-/o-buttons-7.2.2.tgz",
      "integrity": "sha512-FE7gUBPokAq7tvmVctYEMP7LX9LJboO7rPK11JOz+cBQL88BNAwYiVeAYfgj8mM1nex99kNjaZEwxkNSRgpplg==",
      "requires": {}
    },
    "@financial-times/o-colors": {
      "version": "6.4.2",
      "resolved": "https://registry.npmjs.org/@financial-times/o-colors/-/o-colors-6.4.2.tgz",
      "integrity": "sha512-M9I652qnTL6nDARt/3S2cbmJsiM34ag+1kfHtt37xMf2ZsXA/M7c0s+fYO2UWJ308+eWSa1aA8P5Dl13jndmzQ==",
      "requires": {}
    },
    "@financial-times/o-cookie-message": {
      "version": "6.3.1",
      "resolved": "https://registry.npmjs.org/@financial-times/o-cookie-message/-/o-cookie-message-6.3.1.tgz",
      "integrity": "sha512-x7vZLK2BP3x90CJg3lpRQNR8eQ7YX0d6pUg3M6kZACq1qk6hK/a5dq0aJU0qRoDUZvLapx+umfeogc1G7IrslA==",
      "requires": {
        "superstore-sync": "^2.1.1"
      }
    },
    "@financial-times/o-date": {
      "version": "5.2.1",
      "resolved": "https://registry.npmjs.org/@financial-times/o-date/-/o-date-5.2.1.tgz",
      "integrity": "sha512-wmnNikR0cCMLGAnKcWrN7b+Cc2oJAR1t8E8m74QrBqsSgwzNO7YoE2DJlATwzJUnGRz4RNYiRm0vpFUFR9BHCQ==",
      "requires": {
        "@financial-times/ft-date-format": "^2.1.0"
      }
    },
    "@financial-times/o-editorial-typography": {
      "version": "2.3.2",
      "resolved": "https://registry.npmjs.org/@financial-times/o-editorial-typography/-/o-editorial-typography-2.3.2.tgz",
      "integrity": "sha512-KrOGq7rbSTEFVKaEEdy6jSaZInb4JyzhjaN4xfDPws1f+AYoiHcZA+146uR5qnlZW85SD3scPueQZ1vfBTU+cw==",
      "requires": {}
    },
    "@financial-times/o-fonts": {
      "version": "5.2.1",
      "resolved": "https://registry.npmjs.org/@financial-times/o-fonts/-/o-fonts-5.2.1.tgz",
      "integrity": "sha512-VmmWu2k5MwsAd2VhEpnqBO2sH7bwoaNVSyx6TC2jX1bnTfzJaOrNLtquuIHRnWwN5IWWlbskm7K0Ri83OhJIXw==",
      "requires": {}
    },
    "@financial-times/o-footer": {
      "version": "9.2.1",
      "resolved": "https://registry.npmjs.org/@financial-times/o-footer/-/o-footer-9.2.1.tgz",
      "integrity": "sha512-yhQ3TuLHi//8Nk2fXJ7wH3972LtybvbKyZ/61gV9ReBLTAD7IPVbHYmYgu/ynCOfhXvCDYd4y4juXvq27b2vww==",
      "requires": {}
    },
    "@financial-times/o-forms": {
      "version": "9.2.3",
      "resolved": "https://registry.npmjs.org/@financial-times/o-forms/-/o-forms-9.2.3.tgz",
      "integrity": "sha512-SZc87yQjb+CS9W9f+8H9h9qDS3rHrBMdmF8Fzw9RhBacqQKH6DWA2jJenV1BfUGl4GQA/2zF+sH1GovLAiTZcg==",
      "requires": {}
    },
    "@financial-times/o-grid": {
      "version": "6.1.5",
      "resolved": "https://registry.npmjs.org/@financial-times/o-grid/-/o-grid-6.1.5.tgz",
      "integrity": "sha512-wjotgIlrkx0YvR96MD6FwB0tKuX4NyDiiz8FXlBGhsB/Csn1qDecsDQuhQ8XesBdbJI1LG1zrnOGrP/WQncCqg==",
      "requires": {}
    },
    "@financial-times/o-header": {
      "version": "9.2.3",
      "resolved": "https://registry.npmjs.org/@financial-times/o-header/-/o-header-9.2.3.tgz",
      "integrity": "sha512-CHPQZc7B7No7SMm2sTynHzo9ilGSX4gpTNGeZD7fqW8G3OeAsNnlRF8JPS5OfTqpimfSpx+WjoFeIYLWwU0AmA==",
      "requires": {}
    },
    "@financial-times/o-icons": {
      "version": "7.2.1",
      "resolved": "https://registry.npmjs.org/@financial-times/o-icons/-/o-icons-7.2.1.tgz",
      "integrity": "sha512-VUeP9FkdRy3FFwy79THy4V2nqY8FF6KU/0yL6JTLOiYnm9upgcV0hMQHVTd2Vv4xjY+0gpy8IZgstuolB+QJhg==",
      "requires": {}
    },
    "@financial-times/o-labels": {
      "version": "6.2.2",
      "resolved": "https://registry.npmjs.org/@financial-times/o-labels/-/o-labels-6.2.2.tgz",
      "integrity": "sha512-Us63O8q3Wn6HrauIESTNCvSW3OnoynSYNp2CF9XFZ6ujOGwRgYR/QJcdWmgsJpJjgbCMkcl91LHmOjMZm16IeA==",
      "requires": {}
    },
    "@financial-times/o-loading": {
      "version": "5.2.1",
      "resolved": "https://registry.npmjs.org/@financial-times/o-loading/-/o-loading-5.2.1.tgz",
      "integrity": "sha512-63wLZuONKI1tygnq3xUxm1zYsLllBFhyQ+0jK2fnPuUTwzgquHZaO9ncdnsjqs1s2WF3rToZK8dpGlPRsjWgBw==",
      "peer": true,
      "requires": {}
    },
    "@financial-times/o-normalise": {
      "version": "3.2.2",
      "resolved": "https://registry.npmjs.org/@financial-times/o-normalise/-/o-normalise-3.2.2.tgz",
      "integrity": "sha512-w7eYm2EB4Wf4cY5IJ/B55xst32mFQIW41f+HZpfykJEvI0ohBM2ghfaLu+JpJdaAv8kRaV8245FdDcngDst3wA==",
      "peer": true,
      "requires": {}
    },
    "@financial-times/o-overlay": {
      "version": "4.2.3",
      "resolved": "https://registry.npmjs.org/@financial-times/o-overlay/-/o-overlay-4.2.3.tgz",
      "integrity": "sha512-o2pu1e0uKqLDSHezHTW09wqPHBmRygmpS9gmDwWxK08YCeO7odpHvrWw0jdjrMKG0mXmXIPd/WCKvxlEEuaFlg==",
      "requires": {
        "focusable": "^2.3.0",
        "ftdomdelegate": "^4.0.0"
      }
    },
    "@financial-times/o-share": {
      "version": "8.2.1",
      "resolved": "https://registry.npmjs.org/@financial-times/o-share/-/o-share-8.2.1.tgz",
      "integrity": "sha512-dwuJfJ5VeF+DQ4wplJi1/KAax0tIUMJpwf7aJbGWwFfYJF0Z3/h1PmqpjKMIhRLMemdy2o5JL49UqseT148iXA==",
      "requires": {
        "ftdomdelegate": "^4.0.6"
      }
    },
    "@financial-times/o-spacing": {
      "version": "3.2.1",
      "resolved": "https://registry.npmjs.org/@financial-times/o-spacing/-/o-spacing-3.2.1.tgz",
      "integrity": "sha512-Vyb5zTl5UH+ReR64DAqF+CGv5UF0sWFjkbNbwrPaCK69cOiGopjEhh413A0zmTMZxPv3NcZzZMQQ4XidbRokCQ==",
      "peer": true,
      "requires": {}
    },
    "@financial-times/o-teaser": {
      "version": "6.2.2",
      "resolved": "https://registry.npmjs.org/@financial-times/o-teaser/-/o-teaser-6.2.2.tgz",
      "integrity": "sha512-n2Lzm4JwR2d7vQh2ZnBscrzOkRtmm02XAK8h4bAbWiYJWBfFlaWFS68GWUKecTVYQlZFZXZprKYMPP/Z1jD40w==",
      "requires": {}
    },
    "@financial-times/o-toggle": {
      "version": "3.2.2",
      "resolved": "https://registry.npmjs.org/@financial-times/o-toggle/-/o-toggle-3.2.2.tgz",
      "integrity": "sha512-qF1iIjSavaH7NXKlwDDFlphhFpcNAJsV6DXPHF8B0gsCmJDZS2xX5UdW6eXra6fyrtofCzLR/QiUDBfM9mtE9g==",
      "peer": true
    },
    "@financial-times/o-tracking": {
      "version": "4.2.1",
      "resolved": "https://registry.npmjs.org/@financial-times/o-tracking/-/o-tracking-4.2.1.tgz",
      "integrity": "sha512-NSSl0nmA5Ds3Hha8jB+6ALLuejVPMjZm9+e4TFQkAZE4Oy9NUGCWZK+rRPYaOJV7h8wE2ul4d6nRFSj8pIbqKA==",
      "requires": {
        "ftdomdelegate": "^5"
      },
      "dependencies": {
        "ftdomdelegate": {
          "version": "5.0.0",
          "resolved": "https://registry.npmjs.org/ftdomdelegate/-/ftdomdelegate-5.0.0.tgz",
          "integrity": "sha512-P9UmLMIq/ibxxFVBHlE2EIoHcFNDpamn3urRCwVWMnj3o9nAgLtqe64WVuqcGtkN4wujrBYeyxKCuN1/WO+bQw=="
        }
      }
    },
    "@financial-times/o-typography": {
      "version": "7.2.2",
      "resolved": "https://registry.npmjs.org/@financial-times/o-typography/-/o-typography-7.2.2.tgz",
      "integrity": "sha512-WVJ8tq1tH9M8ZB7PoyiMAy/16D5n20yNleVCYRHphuTl/k3ZR4XvG0hT/AS+bH1J6k9JEwH1nLEBCRQ0/NZ0Mg==",
      "requires": {
        "fontfaceobserver": "^2.0.9"
      }
    },
    "@financial-times/o-utils": {
      "version": "2.1.1",
      "resolved": "https://registry.npmjs.org/@financial-times/o-utils/-/o-utils-2.1.1.tgz",
      "integrity": "sha512-kZQfGjVI0A8axO3aPs8AIGStxG+jGX0FKZgjBTQAx+4Dud6vloVGJpSix+/Q7ym5rewjhDLsFVECM18Lvswbhw=="
    },
    "@financial-times/o-viewport": {
      "version": "5.1.1",
      "resolved": "https://registry.npmjs.org/@financial-times/o-viewport/-/o-viewport-5.1.1.tgz",
      "integrity": "sha512-9v4R2a291ZFhyFalEx3MOMUTHaJ3TDKWJNfgiPtXHtjTR33xsrrnb+DH74jYOzn9L2ixxakOdUTHHPfpJMWwOA==",
      "requires": {}
    },
    "@financial-times/o-visual-effects": {
      "version": "4.1.1",
      "resolved": "https://registry.npmjs.org/@financial-times/o-visual-effects/-/o-visual-effects-4.1.1.tgz",
      "integrity": "sha512-RnQWNqHLUthcMRKC8EM+OUWqgCCibnrwYVQ8l1B5Lt0FJL27PtA4e3KB14Nrg74ghoJb5ZnRPmScNIQ1QYVDEA==",
      "peer": true,
      "requires": {}
    },
    "@financial-times/privacy-legislation-client": {
      "version": "1.0.0",
      "resolved": "https://registry.npmjs.org/@financial-times/privacy-legislation-client/-/privacy-legislation-client-1.0.0.tgz",
      "integrity": "sha512-tnF8/g4u70sHmay46FMONpeXqy7K/DckcLtvfda7WjysgdbIGmw1baZovNMXdPypfbJZeCV3eQO9xKcRySubJA=="
    },
    "@financial-times/privacy-us-privacy": {
      "version": "1.0.0",
      "resolved": "https://registry.npmjs.org/@financial-times/privacy-us-privacy/-/privacy-us-privacy-1.0.0.tgz",
      "integrity": "sha512-iQS8u4sifeqczVOkaSyrVZUny8/Augc9LJs6/rESE1v41grU9BxpnCHk1v6l3NRCq+Rb4uzeB4TCNtkWaDhcQw==",
      "requires": {
        "@financial-times/privacy-legislation-client": "^1.0.0"
      }
    },
    "@financial-times/sass-mq": {
      "version": "5.2.3",
      "resolved": "https://registry.npmjs.org/@financial-times/sass-mq/-/sass-mq-5.2.3.tgz",
      "integrity": "sha512-A8+i+9y7Bcmaac72Ggf99D3QnkUxPRceKRGGxMy7GBOdtvCWgU7iN+99u95j/AVPhwX3M0NGqeEObxw1WusaHw==",
      "peer": true,
      "requires": {}
    },
    "core-js": {
      "version": "3.21.0",
      "resolved": "https://registry.npmjs.org/core-js/-/core-js-3.21.0.tgz",
      "integrity": "sha512-YUdI3fFu4TF/2WykQ2xzSiTQdldLB4KVuL9WeAy5XONZYt5Cun/fpQvctoKbCgvPhmzADeesTk/j2Rdx77AcKQ=="
    },
    "focusable": {
      "version": "2.3.0",
      "resolved": "https://registry.npmjs.org/focusable/-/focusable-2.3.0.tgz",
      "integrity": "sha512-e63a4CAb5yLbn4Scn0wG9F+rEq4ZcbggRc9pD3hufAWf8y8dpZImdIES8YNUufRpKB+p0JS+BRd8RBU+sLAeIw=="
    },
    "fontfaceobserver": {
      "version": "2.1.0",
      "resolved": "https://registry.npmjs.org/fontfaceobserver/-/fontfaceobserver-2.1.0.tgz",
      "integrity": "sha512-ReOsO2F66jUa0jmv2nlM/s1MiutJx/srhAe2+TE8dJCMi02ZZOcCTxTCQFr3Yet+uODUtnr4Mewg+tNQ+4V1Ng=="
    },
    "ftdomdelegate": {
      "version": "4.0.6",
      "resolved": "https://registry.npmjs.org/ftdomdelegate/-/ftdomdelegate-4.0.6.tgz",
      "integrity": "sha512-M1d0WNPkXngQlNuD5eWaxNsbigRkJE6qlgRyPSWXfpyq+H7DMF7EB1GC2VYZZtKH3ZIZf97Db8N3Qn7xU1MzPw=="
    },
    "js-tokens": {
      "version": "4.0.0",
      "resolved": "https://registry.npmjs.org/js-tokens/-/js-tokens-4.0.0.tgz",
      "integrity": "sha512-RdJUflcE3cUzKiMqQgsCu06FPu9UdIJO0beYbPhHN4k6apgJtifcoCtT9bcxOpYBtpD2kCM6Sbzg4CausW/PKQ==",
      "peer": true
    },
    "loose-envify": {
      "version": "1.4.0",
      "resolved": "https://registry.npmjs.org/loose-envify/-/loose-envify-1.4.0.tgz",
      "integrity": "sha512-lyuxPGr/Wfhrlem2CL/UcnUc1zcqKAImBDzukY7Y5F/yQiNdko6+fRLevlw1HgMySw7f611UIY408EtxRSoK3Q==",
      "peer": true,
      "requires": {
        "js-tokens": "^3.0.0 || ^4.0.0"
      }
    },
    "mathsass": {
      "version": "0.10.1",
      "resolved": "https://registry.npmjs.org/mathsass/-/mathsass-0.10.1.tgz",
      "integrity": "sha1-h2j+ICEL1drqttZFxCx+aaTGAAg=",
      "peer": true
    },
    "object-assign": {
      "version": "4.1.1",
      "resolved": "https://registry.npmjs.org/object-assign/-/object-assign-4.1.1.tgz",
      "integrity": "sha1-IQmtx5ZYh8/AXLvUQsrIv7s2CGM=",
      "peer": true
    },
    "prop-types": {
      "version": "15.8.1",
      "resolved": "https://registry.npmjs.org/prop-types/-/prop-types-15.8.1.tgz",
      "integrity": "sha512-oj87CgZICdulUohogVAR7AjlC0327U4el4L6eAvOqCeudMDVU0NThNaV+b9Df4dXgSP1gXMTnPdhfe/2qDH5cg==",
      "peer": true,
      "requires": {
        "loose-envify": "^1.4.0",
        "object-assign": "^4.1.1",
        "react-is": "^16.13.1"
      }
    },
    "react": {
      "version": "16.14.0",
      "resolved": "https://registry.npmjs.org/react/-/react-16.14.0.tgz",
      "integrity": "sha512-0X2CImDkJGApiAlcf0ODKIneSwBPhqJawOa5wCtKbu7ZECrmS26NvtSILynQ66cgkT/RJ4LidJOc3bUESwmU8g==",
      "peer": true,
      "requires": {
        "loose-envify": "^1.1.0",
        "object-assign": "^4.1.1",
        "prop-types": "^15.6.2"
      }
    },
    "react-dom": {
      "version": "16.14.0",
      "resolved": "https://registry.npmjs.org/react-dom/-/react-dom-16.14.0.tgz",
      "integrity": "sha512-1gCeQXDLoIqMgqD3IO2Ah9bnf0w9kzhwN5q4FGnHZ67hBm9yePzB5JJAIQCc8x3pFnNlwFq4RidZggNAAkzWWw==",
      "peer": true,
      "requires": {
        "loose-envify": "^1.1.0",
        "object-assign": "^4.1.1",
        "prop-types": "^15.6.2",
        "scheduler": "^0.19.1"
      }
    },
    "react-is": {
      "version": "16.13.1",
      "resolved": "https://registry.npmjs.org/react-is/-/react-is-16.13.1.tgz",
      "integrity": "sha512-24e6ynE2H+OKt4kqsOvNd8kBpV65zoxbA4BVsEOB3ARVWQki/DHzaUoC5KuON/BiccDaCCTZBuOcfZs70kR8bQ==",
      "peer": true
    },
    "ready-state": {
      "version": "2.0.5",
      "resolved": "https://registry.npmjs.org/ready-state/-/ready-state-2.0.5.tgz",
      "integrity": "sha512-rwuszAC+hAAhQWK0alQOSq0Fa5/SO9XvbzVY/Ki82d1ocwLY7kdjEooVbYg7GELrCXySckTmsuTgLd8hqKz9Og=="
    },
    "regenerator-runtime": {
      "version": "0.13.9",
      "resolved": "https://registry.npmjs.org/regenerator-runtime/-/regenerator-runtime-0.13.9.tgz",
      "integrity": "sha512-p3VT+cOEgxFsRRA9X4lkI1E+k2/CtnKtU4gcxyaCUreilL/vqI6CdZ3wxVUx3UOUg+gnUOQQcRI7BmSI656MYA=="
    },
    "sass-mq": {
      "version": "5.0.1",
      "resolved": "https://registry.npmjs.org/sass-mq/-/sass-mq-5.0.1.tgz",
      "integrity": "sha512-ugSVZO5fzasSFrGfKCtY02spnkOOfo9U9sXuzCuSXoCl1CgcoqdJRdNmigZkhvRVph1GKM6o0pgI00Jjc445CA=="
    },
    "scheduler": {
      "version": "0.19.1",
      "resolved": "https://registry.npmjs.org/scheduler/-/scheduler-0.19.1.tgz",
      "integrity": "sha512-n/zwRWRYSUj0/3g/otKDRPMh6qv2SYMWNq85IEa8iZyAv8od9zDYpGSnpBEjNgcMNq6Scbu5KfIPxNF72R/2EA==",
      "peer": true,
      "requires": {
        "loose-envify": "^1.1.0",
        "object-assign": "^4.1.1"
      }
    },
    "superstore-sync": {
      "version": "2.1.1",
      "resolved": "https://registry.npmjs.org/superstore-sync/-/superstore-sync-2.1.1.tgz",
      "integrity": "sha512-p9UZQkOR0JKr4rJFwQubHff8+ktFg8LuIvwR3fYtjra2+m6dTA3LPkf6VQApZaRgaCkYzcDDgAIshM1Ejq0wxQ=="
    }
  }
}
